
Microsoft Visual Studio Solution File, Format Version 12.00
# Visual Studio 2017
Project("{FAE04EC0-301F-11D3-BF4B-00C04F79EFBC}") = "kadai", "kadai.csproj", "{F47D5807-00E3-1FD6-2AA9-C57CE22EA982}"
EndProject
Global
	GlobalSection(SolutionConfigurationPlatforms) = preSolution
		Debug|Any CPU = Debug|Any CPU
		Release|Any CPU = Release|Any CPU
	EndGlobalSection
	GlobalSection(ProjectConfigurationPlatforms) = postSolution
		{F47D5807-00E3-1FD6-2AA9-C57CE22EA982}.Debug|Any CPU.ActiveCfg = Debug|Any CPU
		{F47D5807-00E3-1FD6-2AA9-C57CE22EA982}.Debug|Any CPU.Build.0 = Debug|Any CPU
		{F47D5807-00E3-1FD6-2AA9-C57CE22EA982}.Release|Any CPU.ActiveCfg = Release|Any CPU
		{F47D5807-00E3-1FD6-2AA9-C57CE22EA982}.Release|Any CPU.Build.0 = Release|Any CPU
	EndGlobalSection
	GlobalSection(SolutionProperties) = preSolution
		HideSolutionNode = FALSE
	EndGlobalSection
EndGlobal
